// !$*UTF8*$!
{
	archiveVersion = 1;
	classes = {
	};
	objectVersion = 46;
	objects = {

/* Begin PBXBuildFile section */
		15A547591A155D7F00A36267 /* Triangle.cpp in Sources */ = {isa = PBXBuildFile; fileRef = 15A547581A155D7F00A36267 /* Triangle.cpp */; };
		15A5475D1A155F0500A36267 /* Rectangle.cpp in Sources */ = {isa = PBXBuildFile; fileRef = 15A5475C1A155F0500A36267 /* Rectangle.cpp */; };
		15CA90A71A05977B002D80DB /* main.cpp in Sources */ = {isa = PBXBuildFile; fileRef = 15CA90A61A05977B002D80DB /* main.cpp */; };
		15D835861A1748B700B99767 /* Circle.cpp in Sources */ = {isa = PBXBuildFile; fileRef = 15D835851A1748B700B99767 /* Circle.cpp */; };
/* End PBXBuildFile section */

/* Begin PBXCopyFilesBuildPhase section */
		15CA90A11A05977B002D80DB /* CopyFiles */ = {
			isa = PBXCopyFilesBuildPhase;
			buildActionMask = 2147483647;
			dstPath = /usr/share/man/man1/;
			dstSubfolderSpec = 0;
			files = (
			);
			runOnlyForDeploymentPostprocessing = 1;
		};
/* End PBXCopyFilesBuildPhase section */

/* Begin PBXFileReference section */
		15A547571A155A2900A36267 /* Triangle.h */ = {isa = PBXFileReference; lastKnownFileType = sourcecode.c.h; path = Triangle.h; sourceTree = "<group>"; };
		15A547581A155D7F00A36267 /* Triangle.cpp */ = {isa = PBXFileReference; fileEncoding = 4; lastKnownFileType = sourcecode.cpp.cpp; path = Triangle.cpp; sourceTree = "<group>"; };
		15A5475B1A155ED600A36267 /* Rectangle.h */ = {isa = PBXFileReference; lastKnownFileType = sourcecode.c.h; path = Rectangle.h; sourceTree = "<group>"; };
		15A5475C1A155F0500A36267 /* Rectangle.cpp */ = {isa = PBXFileReference; fileEncoding = 4; lastKnownFileType = sourcecode.cpp.cpp; path = Rectangle.cpp; sourceTree = "<group>"; };
		15CA90A31A05977B002D80DB /* IntroductionToClasses */ = {isa = PBXFileReference; explicitFileType = "compiled.mach-o.executable"; includeInIndex = 0; path = IntroductionToClasses; sourceTree = BUILT_PRODUCTS_DIR; };
		15CA90A61A05977B002D80DB /* main.cpp */ = {isa = PBXFileReference; lastKnownFileType = sourcecode.cpp.cpp; path = main.cpp; sourceTree = "<group>"; };
		15D835841A17482B00B99767 /* Circle.h */ = {isa = PBXFileReference; lastKnownFileType = sourcecode.c.h; path = Circle.h; sourceTree = "<group>"; };
		15D835851A1748B700B99767 /* Circle.cpp */ = {isa = PBXFileReference; fileEncoding = 4; lastKnownFileType = sourcecode.cpp.cpp; path = Circle.cpp; sourceTree = "<group>"; };
/* End PBXFileReference section */

/* Begin PBXFrameworksBuildPhase section */
		15CA90A01A05977B002D80DB /* Frameworks */ = {
			isa = PBXFrameworksBuildPhase;
			buildActionMask = 2147483647;
			files = (
			);
			runOnlyForDeploymentPostprocessing = 0;
		};
/* End PBXFrameworksBuildPhase section */

/* Begin PBXGroup section */
		15CA909A1A05977A002D80DB = {
			isa = PBXGroup;
			children = (
				15D835851A1748B700B99767 /* Circle.cpp */,
				15D835841A17482B00B99767 /* Circle.h */,
				15A5475B1A155ED600A36267 /* Rectangle.h */,
				15A5475C1A155F0500A36267 /* Rectangle.cpp */,
				15A547581A155D7F00A36267 /* Triangle.cpp */,
				15A547571A155A2900A36267 /* Triangle.h */,
				15CA90A51A05977B002D80DB /* IntroductionToClasses */,
				15CA90A41A05977B002D80DB /* Products */,
			);
			sourceTree = "<group>";
		};
		15CA90A41A05977B002D80DB /* Products */ = {
			isa = PBXGroup;
			children = (
				15CA90A31A05977B002D80DB /* IntroductionToClasses */,
			);
			name = Products;
			sourceTree = "<group>";
		};
		15CA90A51A05977B002D80DB /* IntroductionToClasses */ = {
			isa = PBXGroup;
			children = (
				15CA90A61A05977B002D80DB /* main.cpp */,
			);
			path = IntroductionToClasses;
			sourceTree = "<group>";
		};
/* End PBXGroup section */

/* Begin PBXNativeTarget section */
		15CA90A21A05977B002D80DB /* IntroductionToClasses */ = {
			isa = PBXNativeTarget;
			buildConfigurationList = 15CA90AA1A05977B002D80DB /* Build configuration list for PBXNativeTarget "IntroductionToClasses" */;
			buildPhases = (
				15CA909F1A05977B002D80DB /* Sources */,
				15CA90A01A05977B002D80DB /* Frameworks */,
				15CA90A11A05977B002D80DB /* CopyFiles */,
			);
			buildRules = (
			);
			dependencies = (
			);
			name = IntroductionToClasses;
			productName = CPPTraining;
			productReference = 15CA90A31A05977B002D80DB /* IntroductionToClasses */;
			productType = "com.apple.product-type.tool";
		};
/* End PBXNativeTarget section */

/* Begin PBXProject section */
		15CA909B1A05977A002D80DB /* Project object */ = {
			isa = PBXProject;
			attributes = {
				LastUpgradeCheck = 0610;
				ORGANIZATIONNAME = "Yevhen Nosulko";
				TargetAttributes = {
					15CA90A21A05977B002D80DB = {
						CreatedOnToolsVersion = 6.1;
					};
				};
			};
			buildConfigurationList = 15CA909E1A05977A002D80DB /* Build configuration list for PBXProject "IntroductionToClasses" */;
			compatibilityVersion = "Xcode 3.2";
			developmentRegion = English;
			hasScannedForEncodings = 0;
			knownRegions = (
				en,
			);
			mainGroup = 15CA909A1A05977A002D80DB;
			productRefGroup = 15CA90A41A05977B002D80DB /* Products */;
			projectDirPath = "";
			projectRoot = "";
			targets = (
				15CA90A21A05977B002D80DB /* IntroductionToClasses */,
			);
		};
/* End PBXProject section */

/* Begin PBXSourcesBuildPhase section */
		15CA909F1A05977B002D80DB /* Sources */ = {
			isa = PBXSourcesBuildPhase;
			buildActionMask = 2147483647;
			files = (
				15CA90A71A05977B002D80DB /* main.cpp in Sources */,
				15D835861A1748B700B99767 /* Circle.cpp in Sources */,
				15A547591A155D7F00A36267 /* Triangle.cpp in Sources */,
				15A5475D1A155F0500A36267 /* Rectangle.cpp in Sources */,
			);
			runOnlyForDeploymentPostprocessing = 0;
		};
/* End PBXSourcesBuildPhase section */

/* Begin XCBuildConfiguration section */
		15CA90A81A05977B002D80DB /* Debug */ = {
			isa = XCBuildConfiguration;
			buildSettings = {
				ALWAYS_SEARCH_USER_PATHS = NO;
				CLANG_CXX_LANGUAGE_STANDARD = "gnu++0x";
				CLANG_CXX_LIBRARY = "libc++";
				CLANG_ENABLE_MODULES = YES;
				CLANG_ENABLE_OBJC_ARC = YES;
				CLANG_WARN_BOOL_CONVERSION = YES;
				CLANG_WARN_CONSTANT_CONVERSION = YES;
				CLANG_WARN_DIRECT_OBJC_ISA_USAGE = YES_ERROR;
				CLANG_WARN_EMPTY_BODY = YES;
				CLANG_WARN_ENUM_CONVERSION = YES;
				CLANG_WARN_INT_CONVERSION = YES;
				CLANG_WARN_OBJC_ROOT_CLASS = YES_ERROR;
				CLANG_WARN_UNREACHABLE_CODE = YES;
				CLANG_WARN__DUPLICATE_METHOD_MATCH = YES;
				COPY_PHASE_STRIP = NO;
				ENABLE_STRICT_OBJC_MSGSEND = YES;
				GCC_C_LANGUAGE_STANDARD = gnu99;
				GCC_DYNAMIC_NO_PIC = NO;
				GCC_OPTIMIZATION_LEVEL = 0;
				GCC_PREPROCESSOR_DEFINITIONS = (
					"DEBUG=1",
					"$(inherited)",
				);
				GCC_SYMBOLS_PRIVATE_EXTERN = NO;
				GCC_WARN_64_TO_32_BIT_CONVERSION = YES;
				GCC_WARN_ABOUT_RETURN_TYPE = YES_ERROR;
				GCC_WARN_UNDECLARED_SELECTOR = YES;
				GCC_WARN_UNINITIALIZED_AUTOS = YES_AGGRESSIVE;
				GCC_WARN_UNUSED_FUNCTION = YES;
				GCC_WARN_UNUSED_VARIABLE = YES;
				MACOSX_DEPLOYMENT_TARGET = 10.10;
				MTL_ENABLE_DEBUG_INFO = YES;
				ONLY_ACTIVE_ARCH = YES;
				SDKROOT = macosx;
			};
			name = Debug;
		};
		15CA90A91A05977B002D80DB /* Release */ = {
			isa = XCBuildConfiguration;
			buildSettings = {
				ALWAYS_SEARCH_USER_PATHS = NO;
				CLANG_CXX_LANGUAGE_STANDARD = "gnu++0x";
				CLANG_CXX_LIBRARY = "libc++";
				CLANG_ENABLE_MODULES = YES;
				CLANG_ENABLE_OBJC_ARC = YES;
				CLANG_WARN_BOOL_CONVERSION = YES;
				CLANG_WARN_CONSTANT_CONVERSION = YES;
				CLANG_WARN_DIRECT_OBJC_ISA_USAGE = YES_ERROR;
				CLANG_WARN_EMPTY_BODY = YES;
				CLANG_WARN_ENUM_CONVERSION = YES;
				CLANG_WARN_INT_CONVERSION = YES;
				CLANG_WARN_OBJC_ROOT_CLASS = YES_ERROR;
				CLANG_WARN_UNREACHABLE_CODE = YES;
				CLANG_WARN__DUPLICATE_METHOD_MATCH = YES;
				COPY_PHASE_STRIP = YES;
				DEBUG_INFORMATION_FORMAT = "dwarf-with-dsym";
				ENABLE_NS_ASSERTIONS = NO;
				ENABLE_STRICT_OBJC_MSGSEND = YES;
				GCC_C_LANGUAGE_STANDARD = gnu99;
				GCC_WARN_64_TO_32_BIT_CONVERSION = YES;
				GCC_WARN_ABOUT_RETURN_TYPE = YES_ERROR;
				GCC_WARN_UNDECLARED_SELECTOR = YES;
				GCC_WARN_UNINITIALIZED_AUTOS = YES_AGGRESSIVE;
				GCC_WARN_UNUSED_FUNCTION = YES;
				GCC_WARN_UNUSED_VARIABLE = YES;
				MACOSX_DEPLOYMENT_TARGET = 10.10;
				MTL_ENABLE_DEBUG_INFO = NO;
				SDKROOT = macosx;
			};
			name = Release;
		};
		15CA90AB1A05977B002D80DB /* Debug */ = {
			isa = XCBuildConfiguration;
			buildSettings = {
				PRODUCT_NAME = IntroductionToClasses;
			};
			name = Debug;
		};
		15CA90AC1A05977B002D80DB /* Release */ = {
			isa = XCBuildConfiguration;
			buildSettings = {
				PRODUCT_NAME = IntroductionToClasses;
			};
			name = Release;
		};
/* End XCBuildConfiguration section */

/* Begin XCConfigurationList section */
		15CA909E1A05977A002D80DB /* Build configuration list for PBXProject "IntroductionToClasses" */ = {
			isa = XCConfigurationList;
			buildConfigurations = (
				15CA90A81A05977B002D80DB /* Debug */,
				15CA90A91A05977B002D80DB /* Release */,
			);
			defaultConfigurationIsVisible = 0;
			defaultConfigurationName = Release;
		};
		15CA90AA1A05977B002D80DB /* Build configuration list for PBXNativeTarget "IntroductionToClasses" */ = {
			isa = XCConfigurationList;
			buildConfigurations = (
				15CA90AB1A05977B002D80DB /* Debug */,
				15CA90AC1A05977B002D80DB /* Release */,
			);
			defaultConfigurationIsVisible = 0;
			defaultConfigurationName = Release;
		};
/* End XCConfigurationList section */
	};
	rootObject = 15CA909B1A05977A002D80DB /* Project object */;
}
